
Microsoft Visual Studio Solution File, Format Version 12.00
# Visual Studio Version 17
VisualStudioVersion = 17.2.32616.157
MinimumVisualStudioVersion = 10.0.40219.1
Project("{FAE04EC0-301F-11D3-BF4B-00C04F79EFBC}") = "Animal Match.Android", "Animal Match\Animal Match.Android\Animal Match.Android.csproj", "{442BA1A8-39F6-4019-B0D4-F2B2845A3808}"
EndProject
Project("{FAE04EC0-301F-11D3-BF4B-00C04F79EFBC}") = "Animal Match", "Animal Match\Animal Match\Animal Match.csproj", "{2E4F2533-D619-4F81-BB11-E2CC8EC7B8A5}"
EndProject
Global
	GlobalSection(SolutionConfigurationPlatforms) = preSolution
		Debug|Any CPU = Debug|Any CPU
		Release|Any CPU = Release|Any CPU
	EndGlobalSection
	GlobalSection(ProjectConfigurationPlatforms) = postSolution
		{442BA1A8-39F6-4019-B0D4-F2B2845A3808}.Debug|Any CPU.ActiveCfg = Debug|Any CPU
		{442BA1A8-39F6-4019-B0D4-F2B2845A3808}.Debug|Any CPU.Build.0 = Debug|Any CPU
		{442BA1A8-39F6-4019-B0D4-F2B2845A3808}.Debug|Any CPU.Deploy.0 = Debug|Any CPU
		{442BA1A8-39F6-4019-B0D4-F2B2845A3808}.Release|Any CPU.ActiveCfg = Release|Any CPU
		{442BA1A8-39F6-4019-B0D4-F2B2845A3808}.Release|Any CPU.Build.0 = Release|Any CPU
		{442BA1A8-39F6-4019-B0D4-F2B2845A3808}.Release|Any CPU.Deploy.0 = Release|Any CPU
		{2E4F2533-D619-4F81-BB11-E2CC8EC7B8A5}.Debug|Any CPU.ActiveCfg = Debug|Any CPU
		{2E4F2533-D619-4F81-BB11-E2CC8EC7B8A5}.Debug|Any CPU.Build.0 = Debug|Any CPU
		{2E4F2533-D619-4F81-BB11-E2CC8EC7B8A5}.Debug|Any CPU.Deploy.0 = Debug|Any CPU
		{2E4F2533-D619-4F81-BB11-E2CC8EC7B8A5}.Release|Any CPU.ActiveCfg = Release|Any CPU
		{2E4F2533-D619-4F81-BB11-E2CC8EC7B8A5}.Release|Any CPU.Build.0 = Release|Any CPU
		{2E4F2533-D619-4F81-BB11-E2CC8EC7B8A5}.Release|Any CPU.Deploy.0 = Release|Any CPU
	EndGlobalSection
	GlobalSection(SolutionProperties) = preSolution
		HideSolutionNode = FALSE
	EndGlobalSection
	GlobalSection(ExtensibilityGlobals) = postSolution
		SolutionGuid = {4D51061F-436D-4D72-B9D3-0F82AFB07EEC}
	EndGlobalSection
EndGlobal
